
Microsoft Visual Studio Solution File, Format Version 12.00
# Visual Studio Version 17
VisualStudioVersion = 17.0.31903.59
MinimumVisualStudioVersion = 10.0.40219.1
Project("{2150E333-8FDC-42A3-9474-1A3956D46DE8}") = "src", "src", "{827E0CD3-B72D-47B6-A68D-7590B98EB39B}"
EndProject
Project("{FAE04EC0-301F-11D3-BF4B-00C04F79EFBC}") = "ShareX.Avalonia.App", "src\ShareX.Avalonia.App\ShareX.Avalonia.App.csproj", "{C714785B-5C8D-4C76-A9F6-BABB56DC3134}"
EndProject
Project("{FAE04EC0-301F-11D3-BF4B-00C04F79EFBC}") = "ShareX.Avalonia.UI", "src\ShareX.Avalonia.UI\ShareX.Avalonia.UI.csproj", "{057F6144-295C-4944-A8F6-B9766DA78499}"
EndProject
Project("{FAE04EC0-301F-11D3-BF4B-00C04F79EFBC}") = "ShareX.Avalonia.Core", "src\ShareX.Avalonia.Core\ShareX.Avalonia.Core.csproj", "{4C56F5E8-9294-44CD-A07C-FA5B431B2FFD}"
EndProject
Project("{FAE04EC0-301F-11D3-BF4B-00C04F79EFBC}") = "ShareX.Avalonia.Common", "src\ShareX.Avalonia.Common\ShareX.Avalonia.Common.csproj", "{85483A44-F85B-400D-82E5-0087448F8465}"
EndProject
Project("{FAE04EC0-301F-11D3-BF4B-00C04F79EFBC}") = "ShareX.Avalonia.Platform.Abstractions", "src\ShareX.Avalonia.Platform.Abstractions\ShareX.Avalonia.Platform.Abstractions.csproj", "{2A91F8A0-7FA8-4A01-97D1-4C31F7C8FA11}"
EndProject
Project("{FAE04EC0-301F-11D3-BF4B-00C04F79EFBC}") = "ShareX.Avalonia.Platform.Windows", "src\ShareX.Avalonia.Platform.Windows\ShareX.Avalonia.Platform.Windows.csproj", "{5FD4583A-B0F8-4A3C-A5E7-4656A9D7AA6B}"
EndProject
Project("{FAE04EC0-301F-11D3-BF4B-00C04F79EFBC}") = "ShareX.Avalonia.History", "src\ShareX.Avalonia.History\ShareX.Avalonia.History.csproj", "{4EDCA378-8B9C-4EA7-B483-2F53798375EF}"
EndProject
Project("{FAE04EC0-301F-11D3-BF4B-00C04F79EFBC}") = "ShareX.Avalonia.Indexer", "src\ShareX.Avalonia.Indexer\ShareX.Avalonia.Indexer.csproj", "{36919F84-0925-49D1-B6B3-35D206F106CC}"
EndProject
Project("{FAE04EC0-301F-11D3-BF4B-00C04F79EFBC}") = "ShareX.Avalonia.Uploaders", "src\ShareX.Avalonia.Uploaders\ShareX.Avalonia.Uploaders.csproj", "{EE2C5D43-DAFA-42A1-AB21-35B0D175CABD}"
EndProject
Project("{FAE04EC0-301F-11D3-BF4B-00C04F79EFBC}") = "ShareX.Avalonia.ImageEffects", "src\ShareX.Avalonia.ImageEffects\ShareX.Avalonia.ImageEffects.csproj", "{F5F56BA5-8D33-441C-9C62-08848479DE1E}"
EndProject
Project("{FAE04EC0-301F-11D3-BF4B-00C04F79EFBC}") = "ShareX.Avalonia.Media", "src\ShareX.Avalonia.Media\ShareX.Avalonia.Media.csproj", "{AD3064B1-3E03-48CA-BF35-9F0633C53A37}"
EndProject
Project("{FAE04EC0-301F-11D3-BF4B-00C04F79EFBC}") = "ShareX.Avalonia.ScreenCapture", "src\ShareX.Avalonia.ScreenCapture\ShareX.Avalonia.ScreenCapture.csproj", "{2F46C312-AD99-4EC6-9E18-5D59498FC96F}"
EndProject
Project("{FAE04EC0-301F-11D3-BF4B-00C04F79EFBC}") = "ShareX.Avalonia.Services.Abstractions", "src\ShareX.Avalonia.Services.Abstractions\ShareX.Avalonia.Services.Abstractions.csproj", "{EFCD5F4F-9CE6-4516-8DB4-4B7CC2D70560}"
EndProject
Project("{FAE04EC0-301F-11D3-BF4B-00C04F79EFBC}") = "ShareX.Avalonia.ViewModels", "src\ShareX.Avalonia.ViewModels\ShareX.Avalonia.ViewModels.csproj", "{1BA75A7B-3F6F-4BC0-A11F-4F95806799E2}"
EndProject
Project("{FAE04EC0-301F-11D3-BF4B-00C04F79EFBC}") = "ShareX.Avalonia.Services", "src\ShareX.Avalonia.Services\ShareX.Avalonia.Services.csproj", "{943A5394-A8E7-4DB8-9E28-081954A9C9AF}"
EndProject
Project("{FAE04EC0-301F-11D3-BF4B-00C04F79EFBC}") = "ShareX.Avalonia.Annotations", "src\ShareX.Avalonia.Annotations\ShareX.Avalonia.Annotations.csproj", "{BC985079-5C7C-4481-BDDB-CB771161641B}"
EndProject
Project("{2150E333-8FDC-42A3-9474-1A3956D46DE8}") = "Plugins", "Plugins", "{58D3A2C3-F96F-5E57-2C6B-ECE59D6A18FC}"
EndProject
Project("{FAE04EC0-301F-11D3-BF4B-00C04F79EFBC}") = "ShareX.Imgur.Plugin", "src\Plugins\ShareX.Imgur.Plugin\ShareX.Imgur.Plugin.csproj", "{3C6F3C12-78FE-40CD-A300-86F9DEAF047F}"
EndProject
Project("{FAE04EC0-301F-11D3-BF4B-00C04F79EFBC}") = "ShareX.AmazonS3.Plugin", "src\Plugins\ShareX.AmazonS3.Plugin\ShareX.AmazonS3.Plugin.csproj", "{21ADE7E5-729D-437E-9337-357875682C52}"
EndProject
Project("{FAE04EC0-301F-11D3-BF4B-00C04F79EFBC}") = "ShareX.Avalonia.PluginExporter", "src\ShareX.Avalonia.PluginExporter\ShareX.Avalonia.PluginExporter.csproj", "{F0A1664B-87CC-42C3-B152-654CC1331525}"
EndProject
Global
	GlobalSection(SolutionConfigurationPlatforms) = preSolution
		Debug|Any CPU = Debug|Any CPU
		Debug|x64 = Debug|x64
		Debug|x86 = Debug|x86
		Release|Any CPU = Release|Any CPU
		Release|x64 = Release|x64
		Release|x86 = Release|x86
	EndGlobalSection
	GlobalSection(ProjectConfigurationPlatforms) = postSolution
		{C714785B-5C8D-4C76-A9F6-BABB56DC3134}.Debug|Any CPU.ActiveCfg = Debug|Any CPU
		{C714785B-5C8D-4C76-A9F6-BABB56DC3134}.Debug|Any CPU.Build.0 = Debug|Any CPU
		{C714785B-5C8D-4C76-A9F6-BABB56DC3134}.Debug|x64.ActiveCfg = Debug|Any CPU
		{C714785B-5C8D-4C76-A9F6-BABB56DC3134}.Debug|x64.Build.0 = Debug|Any CPU
		{C714785B-5C8D-4C76-A9F6-BABB56DC3134}.Debug|x86.ActiveCfg = Debug|Any CPU
		{C714785B-5C8D-4C76-A9F6-BABB56DC3134}.Debug|x86.Build.0 = Debug|Any CPU
		{C714785B-5C8D-4C76-A9F6-BABB56DC3134}.Release|Any CPU.ActiveCfg = Release|Any CPU
		{C714785B-5C8D-4C76-A9F6-BABB56DC3134}.Release|Any CPU.Build.0 = Release|Any CPU
		{C714785B-5C8D-4C76-A9F6-BABB56DC3134}.Release|x64.ActiveCfg = Release|Any CPU
		{C714785B-5C8D-4C76-A9F6-BABB56DC3134}.Release|x64.Build.0 = Release|Any CPU
		{C714785B-5C8D-4C76-A9F6-BABB56DC3134}.Release|x86.ActiveCfg = Release|Any CPU
		{C714785B-5C8D-4C76-A9F6-BABB56DC3134}.Release|x86.Build.0 = Release|Any CPU
		{057F6144-295C-4944-A8F6-B9766DA78499}.Debug|Any CPU.ActiveCfg = Debug|Any CPU
		{057F6144-295C-4944-A8F6-B9766DA78499}.Debug|Any CPU.Build.0 = Debug|Any CPU
		{057F6144-295C-4944-A8F6-B9766DA78499}.Debug|x64.ActiveCfg = Debug|Any CPU
		{057F6144-295C-4944-A8F6-B9766DA78499}.Debug|x64.Build.0 = Debug|Any CPU
		{057F6144-295C-4944-A8F6-B9766DA78499}.Debug|x86.ActiveCfg = Debug|Any CPU
		{057F6144-295C-4944-A8F6-B9766DA78499}.Debug|x86.Build.0 = Debug|Any CPU
		{057F6144-295C-4944-A8F6-B9766DA78499}.Release|Any CPU.ActiveCfg = Release|Any CPU
		{057F6144-295C-4944-A8F6-B9766DA78499}.Release|Any CPU.Build.0 = Release|Any CPU
		{057F6144-295C-4944-A8F6-B9766DA78499}.Release|x64.ActiveCfg = Release|Any CPU
		{057F6144-295C-4944-A8F6-B9766DA78499}.Release|x64.Build.0 = Release|Any CPU
		{057F6144-295C-4944-A8F6-B9766DA78499}.Release|x86.ActiveCfg = Release|Any CPU
		{057F6144-295C-4944-A8F6-B9766DA78499}.Release|x86.Build.0 = Release|Any CPU
		{4C56F5E8-9294-44CD-A07C-FA5B431B2FFD}.Debug|Any CPU.ActiveCfg = Debug|Any CPU
		{4C56F5E8-9294-44CD-A07C-FA5B431B2FFD}.Debug|Any CPU.Build.0 = Debug|Any CPU
		{4C56F5E8-9294-44CD-A07C-FA5B431B2FFD}.Debug|x64.ActiveCfg = Debug|Any CPU
		{4C56F5E8-9294-44CD-A07C-FA5B431B2FFD}.Debug|x64.Build.0 = Debug|Any CPU
		{4C56F5E8-9294-44CD-A07C-FA5B431B2FFD}.Debug|x86.ActiveCfg = Debug|Any CPU
		{4C56F5E8-9294-44CD-A07C-FA5B431B2FFD}.Debug|x86.Build.0 = Debug|Any CPU
		{4C56F5E8-9294-44CD-A07C-FA5B431B2FFD}.Release|Any CPU.ActiveCfg = Release|Any CPU
		{4C56F5E8-9294-44CD-A07C-FA5B431B2FFD}.Release|Any CPU.Build.0 = Release|Any CPU
		{4C56F5E8-9294-44CD-A07C-FA5B431B2FFD}.Release|x64.ActiveCfg = Release|Any CPU
		{4C56F5E8-9294-44CD-A07C-FA5B431B2FFD}.Release|x64.Build.0 = Release|Any CPU
		{4C56F5E8-9294-44CD-A07C-FA5B431B2FFD}.Release|x86.ActiveCfg = Release|Any CPU
		{4C56F5E8-9294-44CD-A07C-FA5B431B2FFD}.Release|x86.Build.0 = Release|Any CPU
		{85483A44-F85B-400D-82E5-0087448F8465}.Debug|Any CPU.ActiveCfg = Debug|Any CPU
		{85483A44-F85B-400D-82E5-0087448F8465}.Debug|Any CPU.Build.0 = Debug|Any CPU
		{85483A44-F85B-400D-82E5-0087448F8465}.Debug|x64.ActiveCfg = Debug|Any CPU
		{85483A44-F85B-400D-82E5-0087448F8465}.Debug|x64.Build.0 = Debug|Any CPU
		{85483A44-F85B-400D-82E5-0087448F8465}.Debug|x86.ActiveCfg = Debug|Any CPU
		{85483A44-F85B-400D-82E5-0087448F8465}.Debug|x86.Build.0 = Debug|Any CPU
		{85483A44-F85B-400D-82E5-0087448F8465}.Release|Any CPU.ActiveCfg = Release|Any CPU
		{85483A44-F85B-400D-82E5-0087448F8465}.Release|Any CPU.Build.0 = Release|Any CPU
		{85483A44-F85B-400D-82E5-0087448F8465}.Release|x64.ActiveCfg = Release|Any CPU
		{85483A44-F85B-400D-82E5-0087448F8465}.Release|x64.Build.0 = Release|Any CPU
		{85483A44-F85B-400D-82E5-0087448F8465}.Release|x86.ActiveCfg = Release|Any CPU
		{85483A44-F85B-400D-82E5-0087448F8465}.Release|x86.Build.0 = Release|Any CPU
		{2A91F8A0-7FA8-4A01-97D1-4C31F7C8FA11}.Debug|Any CPU.ActiveCfg = Debug|Any CPU
		{2A91F8A0-7FA8-4A01-97D1-4C31F7C8FA11}.Debug|Any CPU.Build.0 = Debug|Any CPU
		{2A91F8A0-7FA8-4A01-97D1-4C31F7C8FA11}.Debug|x64.ActiveCfg = Debug|Any CPU
		{2A91F8A0-7FA8-4A01-97D1-4C31F7C8FA11}.Debug|x64.Build.0 = Debug|Any CPU
		{2A91F8A0-7FA8-4A01-97D1-4C31F7C8FA11}.Debug|x86.ActiveCfg = Debug|Any CPU
		{2A91F8A0-7FA8-4A01-97D1-4C31F7C8FA11}.Debug|x86.Build.0 = Debug|Any CPU
		{2A91F8A0-7FA8-4A01-97D1-4C31F7C8FA11}.Release|Any CPU.ActiveCfg = Release|Any CPU
		{2A91F8A0-7FA8-4A01-97D1-4C31F7C8FA11}.Release|Any CPU.Build.0 = Release|Any CPU
		{2A91F8A0-7FA8-4A01-97D1-4C31F7C8FA11}.Release|x64.ActiveCfg = Release|Any CPU
		{2A91F8A0-7FA8-4A01-97D1-4C31F7C8FA11}.Release|x64.Build.0 = Release|Any CPU
		{2A91F8A0-7FA8-4A01-97D1-4C31F7C8FA11}.Release|x86.ActiveCfg = Release|Any CPU
		{2A91F8A0-7FA8-4A01-97D1-4C31F7C8FA11}.Release|x86.Build.0 = Release|Any CPU
		{5FD4583A-B0F8-4A3C-A5E7-4656A9D7AA6B}.Debug|Any CPU.ActiveCfg = Debug|Any CPU
		{5FD4583A-B0F8-4A3C-A5E7-4656A9D7AA6B}.Debug|Any CPU.Build.0 = Debug|Any CPU
		{5FD4583A-B0F8-4A3C-A5E7-4656A9D7AA6B}.Debug|x64.ActiveCfg = Debug|Any CPU
		{5FD4583A-B0F8-4A3C-A5E7-4656A9D7AA6B}.Debug|x64.Build.0 = Debug|Any CPU
		{5FD4583A-B0F8-4A3C-A5E7-4656A9D7AA6B}.Debug|x86.ActiveCfg = Debug|Any CPU
		{5FD4583A-B0F8-4A3C-A5E7-4656A9D7AA6B}.Debug|x86.Build.0 = Debug|Any CPU
		{5FD4583A-B0F8-4A3C-A5E7-4656A9D7AA6B}.Release|Any CPU.ActiveCfg = Release|Any CPU
		{5FD4583A-B0F8-4A3C-A5E7-4656A9D7AA6B}.Release|Any CPU.Build.0 = Release|Any CPU
		{5FD4583A-B0F8-4A3C-A5E7-4656A9D7AA6B}.Release|x64.ActiveCfg = Release|Any CPU
		{5FD4583A-B0F8-4A3C-A5E7-4656A9D7AA6B}.Release|x64.Build.0 = Release|Any CPU
		{5FD4583A-B0F8-4A3C-A5E7-4656A9D7AA6B}.Release|x86.ActiveCfg = Release|Any CPU
		{5FD4583A-B0F8-4A3C-A5E7-4656A9D7AA6B}.Release|x86.Build.0 = Release|Any CPU
		{4EDCA378-8B9C-4EA7-B483-2F53798375EF}.Debug|Any CPU.ActiveCfg = Debug|Any CPU
		{4EDCA378-8B9C-4EA7-B483-2F53798375EF}.Debug|Any CPU.Build.0 = Debug|Any CPU
		{4EDCA378-8B9C-4EA7-B483-2F53798375EF}.Debug|x64.ActiveCfg = Debug|Any CPU
		{4EDCA378-8B9C-4EA7-B483-2F53798375EF}.Debug|x64.Build.0 = Debug|Any CPU
		{4EDCA378-8B9C-4EA7-B483-2F53798375EF}.Debug|x86.ActiveCfg = Debug|Any CPU
		{4EDCA378-8B9C-4EA7-B483-2F53798375EF}.Debug|x86.Build.0 = Debug|Any CPU
		{4EDCA378-8B9C-4EA7-B483-2F53798375EF}.Release|Any CPU.ActiveCfg = Release|Any CPU
		{4EDCA378-8B9C-4EA7-B483-2F53798375EF}.Release|Any CPU.Build.0 = Release|Any CPU
		{4EDCA378-8B9C-4EA7-B483-2F53798375EF}.Release|x64.ActiveCfg = Release|Any CPU
		{4EDCA378-8B9C-4EA7-B483-2F53798375EF}.Release|x64.Build.0 = Release|Any CPU
		{4EDCA378-8B9C-4EA7-B483-2F53798375EF}.Release|x86.ActiveCfg = Release|Any CPU
		{4EDCA378-8B9C-4EA7-B483-2F53798375EF}.Release|x86.Build.0 = Release|Any CPU
		{36919F84-0925-49D1-B6B3-35D206F106CC}.Debug|Any CPU.ActiveCfg = Debug|Any CPU
		{36919F84-0925-49D1-B6B3-35D206F106CC}.Debug|Any CPU.Build.0 = Debug|Any CPU
		{36919F84-0925-49D1-B6B3-35D206F106CC}.Debug|x64.ActiveCfg = Debug|Any CPU
		{36919F84-0925-49D1-B6B3-35D206F106CC}.Debug|x64.Build.0 = Debug|Any CPU
		{36919F84-0925-49D1-B6B3-35D206F106CC}.Debug|x86.ActiveCfg = Debug|Any CPU
		{36919F84-0925-49D1-B6B3-35D206F106CC}.Debug|x86.Build.0 = Debug|Any CPU
		{36919F84-0925-49D1-B6B3-35D206F106CC}.Release|Any CPU.ActiveCfg = Release|Any CPU
		{36919F84-0925-49D1-B6B3-35D206F106CC}.Release|Any CPU.Build.0 = Release|Any CPU
		{36919F84-0925-49D1-B6B3-35D206F106CC}.Release|x64.ActiveCfg = Release|Any CPU
		{36919F84-0925-49D1-B6B3-35D206F106CC}.Release|x64.Build.0 = Release|Any CPU
		{36919F84-0925-49D1-B6B3-35D206F106CC}.Release|x86.ActiveCfg = Release|Any CPU
		{36919F84-0925-49D1-B6B3-35D206F106CC}.Release|x86.Build.0 = Release|Any CPU
		{EE2C5D43-DAFA-42A1-AB21-35B0D175CABD}.Debug|Any CPU.ActiveCfg = Debug|Any CPU
		{EE2C5D43-DAFA-42A1-AB21-35B0D175CABD}.Debug|Any CPU.Build.0 = Debug|Any CPU
		{EE2C5D43-DAFA-42A1-AB21-35B0D175CABD}.Debug|x64.ActiveCfg = Debug|Any CPU
		{EE2C5D43-DAFA-42A1-AB21-35B0D175CABD}.Debug|x64.Build.0 = Debug|Any CPU
		{EE2C5D43-DAFA-42A1-AB21-35B0D175CABD}.Debug|x86.ActiveCfg = Debug|Any CPU
		{EE2C5D43-DAFA-42A1-AB21-35B0D175CABD}.Debug|x86.Build.0 = Debug|Any CPU
		{EE2C5D43-DAFA-42A1-AB21-35B0D175CABD}.Release|Any CPU.ActiveCfg = Release|Any CPU
		{EE2C5D43-DAFA-42A1-AB21-35B0D175CABD}.Release|Any CPU.Build.0 = Release|Any CPU
		{EE2C5D43-DAFA-42A1-AB21-35B0D175CABD}.Release|x64.ActiveCfg = Release|Any CPU
		{EE2C5D43-DAFA-42A1-AB21-35B0D175CABD}.Release|x64.Build.0 = Release|Any CPU
		{EE2C5D43-DAFA-42A1-AB21-35B0D175CABD}.Release|x86.ActiveCfg = Release|Any CPU
		{EE2C5D43-DAFA-42A1-AB21-35B0D175CABD}.Release|x86.Build.0 = Release|Any CPU
		{F5F56BA5-8D33-441C-9C62-08848479DE1E}.Debug|Any CPU.ActiveCfg = Debug|Any CPU
		{F5F56BA5-8D33-441C-9C62-08848479DE1E}.Debug|Any CPU.Build.0 = Debug|Any CPU
		{F5F56BA5-8D33-441C-9C62-08848479DE1E}.Debug|x64.ActiveCfg = Debug|Any CPU
		{F5F56BA5-8D33-441C-9C62-08848479DE1E}.Debug|x64.Build.0 = Debug|Any CPU
		{F5F56BA5-8D33-441C-9C62-08848479DE1E}.Debug|x86.ActiveCfg = Debug|Any CPU
		{F5F56BA5-8D33-441C-9C62-08848479DE1E}.Debug|x86.Build.0 = Debug|Any CPU
		{F5F56BA5-8D33-441C-9C62-08848479DE1E}.Release|Any CPU.ActiveCfg = Release|Any CPU
		{F5F56BA5-8D33-441C-9C62-08848479DE1E}.Release|Any CPU.Build.0 = Release|Any CPU
		{F5F56BA5-8D33-441C-9C62-08848479DE1E}.Release|x64.ActiveCfg = Release|Any CPU
		{F5F56BA5-8D33-441C-9C62-08848479DE1E}.Release|x64.Build.0 = Release|Any CPU
		{F5F56BA5-8D33-441C-9C62-08848479DE1E}.Release|x86.ActiveCfg = Release|Any CPU
		{F5F56BA5-8D33-441C-9C62-08848479DE1E}.Release|x86.Build.0 = Release|Any CPU
		{AD3064B1-3E03-48CA-BF35-9F0633C53A37}.Debug|Any CPU.ActiveCfg = Debug|Any CPU
		{AD3064B1-3E03-48CA-BF35-9F0633C53A37}.Debug|Any CPU.Build.0 = Debug|Any CPU
		{AD3064B1-3E03-48CA-BF35-9F0633C53A37}.Debug|x64.ActiveCfg = Debug|Any CPU
		{AD3064B1-3E03-48CA-BF35-9F0633C53A37}.Debug|x64.Build.0 = Debug|Any CPU
		{AD3064B1-3E03-48CA-BF35-9F0633C53A37}.Debug|x86.ActiveCfg = Debug|Any CPU
		{AD3064B1-3E03-48CA-BF35-9F0633C53A37}.Debug|x86.Build.0 = Debug|Any CPU
		{AD3064B1-3E03-48CA-BF35-9F0633C53A37}.Release|Any CPU.ActiveCfg = Release|Any CPU
		{AD3064B1-3E03-48CA-BF35-9F0633C53A37}.Release|Any CPU.Build.0 = Release|Any CPU
		{AD3064B1-3E03-48CA-BF35-9F0633C53A37}.Release|x64.ActiveCfg = Release|Any CPU
		{AD3064B1-3E03-48CA-BF35-9F0633C53A37}.Release|x64.Build.0 = Release|Any CPU
		{AD3064B1-3E03-48CA-BF35-9F0633C53A37}.Release|x86.ActiveCfg = Release|Any CPU
		{AD3064B1-3E03-48CA-BF35-9F0633C53A37}.Release|x86.Build.0 = Release|Any CPU
		{2F46C312-AD99-4EC6-9E18-5D59498FC96F}.Debug|Any CPU.ActiveCfg = Debug|Any CPU
		{2F46C312-AD99-4EC6-9E18-5D59498FC96F}.Debug|Any CPU.Build.0 = Debug|Any CPU
		{2F46C312-AD99-4EC6-9E18-5D59498FC96F}.Debug|x64.ActiveCfg = Debug|Any CPU
		{2F46C312-AD99-4EC6-9E18-5D59498FC96F}.Debug|x64.Build.0 = Debug|Any CPU
		{2F46C312-AD99-4EC6-9E18-5D59498FC96F}.Debug|x86.ActiveCfg = Debug|Any CPU
		{2F46C312-AD99-4EC6-9E18-5D59498FC96F}.Debug|x86.Build.0 = Debug|Any CPU
		{2F46C312-AD99-4EC6-9E18-5D59498FC96F}.Release|Any CPU.ActiveCfg = Release|Any CPU
		{2F46C312-AD99-4EC6-9E18-5D59498FC96F}.Release|Any CPU.Build.0 = Release|Any CPU
		{2F46C312-AD99-4EC6-9E18-5D59498FC96F}.Release|x64.ActiveCfg = Release|Any CPU
		{2F46C312-AD99-4EC6-9E18-5D59498FC96F}.Release|x64.Build.0 = Release|Any CPU
		{2F46C312-AD99-4EC6-9E18-5D59498FC96F}.Release|x86.ActiveCfg = Release|Any CPU
		{2F46C312-AD99-4EC6-9E18-5D59498FC96F}.Release|x86.Build.0 = Release|Any CPU
		{EFCD5F4F-9CE6-4516-8DB4-4B7CC2D70560}.Debug|Any CPU.ActiveCfg = Debug|Any CPU
		{EFCD5F4F-9CE6-4516-8DB4-4B7CC2D70560}.Debug|Any CPU.Build.0 = Debug|Any CPU
		{EFCD5F4F-9CE6-4516-8DB4-4B7CC2D70560}.Debug|x64.ActiveCfg = Debug|Any CPU
		{EFCD5F4F-9CE6-4516-8DB4-4B7CC2D70560}.Debug|x64.Build.0 = Debug|Any CPU
		{EFCD5F4F-9CE6-4516-8DB4-4B7CC2D70560}.Debug|x86.ActiveCfg = Debug|Any CPU
		{EFCD5F4F-9CE6-4516-8DB4-4B7CC2D70560}.Debug|x86.Build.0 = Debug|Any CPU
		{EFCD5F4F-9CE6-4516-8DB4-4B7CC2D70560}.Release|Any CPU.ActiveCfg = Release|Any CPU
		{EFCD5F4F-9CE6-4516-8DB4-4B7CC2D70560}.Release|Any CPU.Build.0 = Release|Any CPU
		{EFCD5F4F-9CE6-4516-8DB4-4B7CC2D70560}.Release|x64.ActiveCfg = Release|Any CPU
		{EFCD5F4F-9CE6-4516-8DB4-4B7CC2D70560}.Release|x64.Build.0 = Release|Any CPU
		{EFCD5F4F-9CE6-4516-8DB4-4B7CC2D70560}.Release|x86.ActiveCfg = Release|Any CPU
		{EFCD5F4F-9CE6-4516-8DB4-4B7CC2D70560}.Release|x86.Build.0 = Release|Any CPU
		{1BA75A7B-3F6F-4BC0-A11F-4F95806799E2}.Debug|Any CPU.ActiveCfg = Debug|Any CPU
		{1BA75A7B-3F6F-4BC0-A11F-4F95806799E2}.Debug|Any CPU.Build.0 = Debug|Any CPU
		{1BA75A7B-3F6F-4BC0-A11F-4F95806799E2}.Debug|x64.ActiveCfg = Debug|Any CPU
		{1BA75A7B-3F6F-4BC0-A11F-4F95806799E2}.Debug|x64.Build.0 = Debug|Any CPU
		{1BA75A7B-3F6F-4BC0-A11F-4F95806799E2}.Debug|x86.ActiveCfg = Debug|Any CPU
		{1BA75A7B-3F6F-4BC0-A11F-4F95806799E2}.Debug|x86.Build.0 = Debug|Any CPU
		{1BA75A7B-3F6F-4BC0-A11F-4F95806799E2}.Release|Any CPU.ActiveCfg = Release|Any CPU
		{1BA75A7B-3F6F-4BC0-A11F-4F95806799E2}.Release|Any CPU.Build.0 = Release|Any CPU
		{1BA75A7B-3F6F-4BC0-A11F-4F95806799E2}.Release|x64.ActiveCfg = Release|Any CPU
		{1BA75A7B-3F6F-4BC0-A11F-4F95806799E2}.Release|x64.Build.0 = Release|Any CPU
		{1BA75A7B-3F6F-4BC0-A11F-4F95806799E2}.Release|x86.ActiveCfg = Release|Any CPU
		{1BA75A7B-3F6F-4BC0-A11F-4F95806799E2}.Release|x86.Build.0 = Release|Any CPU
		{943A5394-A8E7-4DB8-9E28-081954A9C9AF}.Debug|Any CPU.ActiveCfg = Debug|Any CPU
		{943A5394-A8E7-4DB8-9E28-081954A9C9AF}.Debug|Any CPU.Build.0 = Debug|Any CPU
		{943A5394-A8E7-4DB8-9E28-081954A9C9AF}.Debug|x64.ActiveCfg = Debug|Any CPU
		{943A5394-A8E7-4DB8-9E28-081954A9C9AF}.Debug|x64.Build.0 = Debug|Any CPU
		{943A5394-A8E7-4DB8-9E28-081954A9C9AF}.Debug|x86.ActiveCfg = Debug|Any CPU
		{943A5394-A8E7-4DB8-9E28-081954A9C9AF}.Debug|x86.Build.0 = Debug|Any CPU
		{943A5394-A8E7-4DB8-9E28-081954A9C9AF}.Release|Any CPU.ActiveCfg = Release|Any CPU
		{943A5394-A8E7-4DB8-9E28-081954A9C9AF}.Release|Any CPU.Build.0 = Release|Any CPU
		{943A5394-A8E7-4DB8-9E28-081954A9C9AF}.Release|x64.ActiveCfg = Release|Any CPU
		{943A5394-A8E7-4DB8-9E28-081954A9C9AF}.Release|x64.Build.0 = Release|Any CPU
		{943A5394-A8E7-4DB8-9E28-081954A9C9AF}.Release|x86.ActiveCfg = Release|Any CPU
		{943A5394-A8E7-4DB8-9E28-081954A9C9AF}.Release|x86.Build.0 = Release|Any CPU
		{BC985079-5C7C-4481-BDDB-CB771161641B}.Debug|Any CPU.ActiveCfg = Debug|Any CPU
		{BC985079-5C7C-4481-BDDB-CB771161641B}.Debug|Any CPU.Build.0 = Debug|Any CPU
		{BC985079-5C7C-4481-BDDB-CB771161641B}.Debug|x64.ActiveCfg = Debug|Any CPU
		{BC985079-5C7C-4481-BDDB-CB771161641B}.Debug|x64.Build.0 = Debug|Any CPU
		{BC985079-5C7C-4481-BDDB-CB771161641B}.Debug|x86.ActiveCfg = Debug|Any CPU
		{BC985079-5C7C-4481-BDDB-CB771161641B}.Debug|x86.Build.0 = Debug|Any CPU
		{BC985079-5C7C-4481-BDDB-CB771161641B}.Release|Any CPU.ActiveCfg = Release|Any CPU
		{BC985079-5C7C-4481-BDDB-CB771161641B}.Release|Any CPU.Build.0 = Release|Any CPU
		{BC985079-5C7C-4481-BDDB-CB771161641B}.Release|x64.ActiveCfg = Release|Any CPU
		{BC985079-5C7C-4481-BDDB-CB771161641B}.Release|x64.Build.0 = Release|Any CPU
		{BC985079-5C7C-4481-BDDB-CB771161641B}.Release|x86.ActiveCfg = Release|Any CPU
		{BC985079-5C7C-4481-BDDB-CB771161641B}.Release|x86.Build.0 = Release|Any CPU
		{3C6F3C12-78FE-40CD-A300-86F9DEAF047F}.Debug|Any CPU.ActiveCfg = Debug|Any CPU
		{3C6F3C12-78FE-40CD-A300-86F9DEAF047F}.Debug|Any CPU.Build.0 = Debug|Any CPU
		{3C6F3C12-78FE-40CD-A300-86F9DEAF047F}.Debug|x64.ActiveCfg = Debug|Any CPU
		{3C6F3C12-78FE-40CD-A300-86F9DEAF047F}.Debug|x64.Build.0 = Debug|Any CPU
		{3C6F3C12-78FE-40CD-A300-86F9DEAF047F}.Debug|x86.ActiveCfg = Debug|Any CPU
		{3C6F3C12-78FE-40CD-A300-86F9DEAF047F}.Debug|x86.Build.0 = Debug|Any CPU
		{3C6F3C12-78FE-40CD-A300-86F9DEAF047F}.Release|Any CPU.ActiveCfg = Release|Any CPU
		{3C6F3C12-78FE-40CD-A300-86F9DEAF047F}.Release|Any CPU.Build.0 = Release|Any CPU
		{3C6F3C12-78FE-40CD-A300-86F9DEAF047F}.Release|x64.ActiveCfg = Release|Any CPU
		{3C6F3C12-78FE-40CD-A300-86F9DEAF047F}.Release|x64.Build.0 = Release|Any CPU
		{3C6F3C12-78FE-40CD-A300-86F9DEAF047F}.Release|x86.ActiveCfg = Release|Any CPU
		{3C6F3C12-78FE-40CD-A300-86F9DEAF047F}.Release|x86.Build.0 = Release|Any CPU
		{21ADE7E5-729D-437E-9337-357875682C52}.Debug|Any CPU.ActiveCfg = Debug|Any CPU
		{21ADE7E5-729D-437E-9337-357875682C52}.Debug|Any CPU.Build.0 = Debug|Any CPU
		{21ADE7E5-729D-437E-9337-357875682C52}.Debug|x64.ActiveCfg = Debug|Any CPU
		{21ADE7E5-729D-437E-9337-357875682C52}.Debug|x64.Build.0 = Debug|Any CPU
		{21ADE7E5-729D-437E-9337-357875682C52}.Debug|x86.ActiveCfg = Debug|Any CPU
		{21ADE7E5-729D-437E-9337-357875682C52}.Debug|x86.Build.0 = Debug|Any CPU
		{21ADE7E5-729D-437E-9337-357875682C52}.Release|Any CPU.ActiveCfg = Release|Any CPU
		{21ADE7E5-729D-437E-9337-357875682C52}.Release|Any CPU.Build.0 = Release|Any CPU
		{21ADE7E5-729D-437E-9337-357875682C52}.Release|x64.ActiveCfg = Release|Any CPU
		{21ADE7E5-729D-437E-9337-357875682C52}.Release|x64.Build.0 = Release|Any CPU
		{21ADE7E5-729D-437E-9337-357875682C52}.Release|x86.ActiveCfg = Release|Any CPU
		{21ADE7E5-729D-437E-9337-357875682C52}.Release|x86.Build.0 = Release|Any CPU
		{F0A1664B-87CC-42C3-B152-654CC1331525}.Debug|Any CPU.ActiveCfg = Debug|Any CPU
		{F0A1664B-87CC-42C3-B152-654CC1331525}.Debug|Any CPU.Build.0 = Debug|Any CPU
		{F0A1664B-87CC-42C3-B152-654CC1331525}.Debug|x64.ActiveCfg = Debug|Any CPU
		{F0A1664B-87CC-42C3-B152-654CC1331525}.Debug|x64.Build.0 = Debug|Any CPU
		{F0A1664B-87CC-42C3-B152-654CC1331525}.Debug|x86.ActiveCfg = Debug|Any CPU
		{F0A1664B-87CC-42C3-B152-654CC1331525}.Debug|x86.Build.0 = Debug|Any CPU
		{F0A1664B-87CC-42C3-B152-654CC1331525}.Release|Any CPU.ActiveCfg = Release|Any CPU
		{F0A1664B-87CC-42C3-B152-654CC1331525}.Release|Any CPU.Build.0 = Release|Any CPU
		{F0A1664B-87CC-42C3-B152-654CC1331525}.Release|x64.ActiveCfg = Release|Any CPU
		{F0A1664B-87CC-42C3-B152-654CC1331525}.Release|x64.Build.0 = Release|Any CPU
		{F0A1664B-87CC-42C3-B152-654CC1331525}.Release|x86.ActiveCfg = Release|Any CPU
		{F0A1664B-87CC-42C3-B152-654CC1331525}.Release|x86.Build.0 = Release|Any CPU
	EndGlobalSection
	GlobalSection(SolutionProperties) = preSolution
		HideSolutionNode = FALSE
	EndGlobalSection
	GlobalSection(NestedProjects) = preSolution
		{C714785B-5C8D-4C76-A9F6-BABB56DC3134} = {827E0CD3-B72D-47B6-A68D-7590B98EB39B}
		{057F6144-295C-4944-A8F6-B9766DA78499} = {827E0CD3-B72D-47B6-A68D-7590B98EB39B}
		{4C56F5E8-9294-44CD-A07C-FA5B431B2FFD} = {827E0CD3-B72D-47B6-A68D-7590B98EB39B}
		{85483A44-F85B-400D-82E5-0087448F8465} = {827E0CD3-B72D-47B6-A68D-7590B98EB39B}
		{2A91F8A0-7FA8-4A01-97D1-4C31F7C8FA11} = {827E0CD3-B72D-47B6-A68D-7590B98EB39B}
		{5FD4583A-B0F8-4A3C-A5E7-4656A9D7AA6B} = {827E0CD3-B72D-47B6-A68D-7590B98EB39B}
		{4EDCA378-8B9C-4EA7-B483-2F53798375EF} = {827E0CD3-B72D-47B6-A68D-7590B98EB39B}
		{36919F84-0925-49D1-B6B3-35D206F106CC} = {827E0CD3-B72D-47B6-A68D-7590B98EB39B}
		{EE2C5D43-DAFA-42A1-AB21-35B0D175CABD} = {827E0CD3-B72D-47B6-A68D-7590B98EB39B}
		{F5F56BA5-8D33-441C-9C62-08848479DE1E} = {827E0CD3-B72D-47B6-A68D-7590B98EB39B}
		{AD3064B1-3E03-48CA-BF35-9F0633C53A37} = {827E0CD3-B72D-47B6-A68D-7590B98EB39B}
		{2F46C312-AD99-4EC6-9E18-5D59498FC96F} = {827E0CD3-B72D-47B6-A68D-7590B98EB39B}
		{EFCD5F4F-9CE6-4516-8DB4-4B7CC2D70560} = {827E0CD3-B72D-47B6-A68D-7590B98EB39B}
		{1BA75A7B-3F6F-4BC0-A11F-4F95806799E2} = {827E0CD3-B72D-47B6-A68D-7590B98EB39B}
		{943A5394-A8E7-4DB8-9E28-081954A9C9AF} = {827E0CD3-B72D-47B6-A68D-7590B98EB39B}
		{BC985079-5C7C-4481-BDDB-CB771161641B} = {827E0CD3-B72D-47B6-A68D-7590B98EB39B}
		{58D3A2C3-F96F-5E57-2C6B-ECE59D6A18FC} = {827E0CD3-B72D-47B6-A68D-7590B98EB39B}
		{3C6F3C12-78FE-40CD-A300-86F9DEAF047F} = {58D3A2C3-F96F-5E57-2C6B-ECE59D6A18FC}
		{21ADE7E5-729D-437E-9337-357875682C52} = {58D3A2C3-F96F-5E57-2C6B-ECE59D6A18FC}
		{F0A1664B-87CC-42C3-B152-654CC1331525} = {827E0CD3-B72D-47B6-A68D-7590B98EB39B}
	EndGlobalSection
EndGlobal
