// !$*UTF8*$!
{
	archiveVersion = 1;
	classes = {
	};
	objectVersion = 56;
	objects = {

/* Begin PBXBuildFile section */
		A1000001 /* XerahSMobileApp.swift in Sources */ = {isa = PBXBuildFile; fileRef = A1000002 /* XerahSMobileApp.swift */; };
		A1000003 /* ContentView.swift in Sources */ = {isa = PBXBuildFile; fileRef = A1000004 /* ContentView.swift */; };
		A1000005 /* Assets.xcassets in Resources */ = {isa = PBXBuildFile; fileRef = A1000006 /* Assets.xcassets */; };
		B1000001 /* UploadQueueItem.swift in Sources */ = {isa = PBXBuildFile; fileRef = B1000002 /* UploadQueueItem.swift */; };
		B1000003 /* HistoryEntry.swift in Sources */ = {isa = PBXBuildFile; fileRef = B1000004 /* HistoryEntry.swift */; };
		B1000005 /* ApplicationConfig.swift in Sources */ = {isa = PBXBuildFile; fileRef = B1000006 /* ApplicationConfig.swift */; };
		B1000007 /* UploadResultItem.swift in Sources */ = {isa = PBXBuildFile; fileRef = B1000008 /* UploadResultItem.swift */; };
		B1000009 /* Paths.swift in Sources */ = {isa = PBXBuildFile; fileRef = B10000A0 /* Paths.swift */; };
		B10000A1 /* SettingsRepository.swift in Sources */ = {isa = PBXBuildFile; fileRef = B10000A2 /* SettingsRepository.swift */; };
		B10000A3 /* QueueRepository.swift in Sources */ = {isa = PBXBuildFile; fileRef = B10000A4 /* QueueRepository.swift */; };
		B10000A5 /* HistoryRepository.swift in Sources */ = {isa = PBXBuildFile; fileRef = B10000A6 /* HistoryRepository.swift */; };
		B10000A7 /* UploadOutcome.swift in Sources */ = {isa = PBXBuildFile; fileRef = B10000A8 /* UploadOutcome.swift */; };
		B10000A9 /* CustomUploader.swift in Sources */ = {isa = PBXBuildFile; fileRef = B10000B0 /* CustomUploader.swift */; };
		B10000B1 /* S3Uploader.swift in Sources */ = {isa = PBXBuildFile; fileRef = B10000B2 /* S3Uploader.swift */; };
		B10000B3 /* UploadQueueWorker.swift in Sources */ = {isa = PBXBuildFile; fileRef = B10000B4 /* UploadQueueWorker.swift */; };
		B10000B5 /* libsqlite3.tbd in Frameworks */ = {isa = PBXBuildFile; fileRef = B10000B6 /* libsqlite3.tbd */; };
/* End PBXBuildFile section */

/* Begin PBXFileReference section */
		A1000000 /* XerahSMobile.app */ = {isa = PBXFileReference; explicitFileType = wrapper.application; includeInIndex = 0; path = XerahSMobile.app; sourceTree = BUILT_PRODUCTS_DIR; };
		A1000002 /* XerahSMobileApp.swift */ = {isa = PBXFileReference; lastKnownFileType = sourcecode.swift; path = XerahSMobileApp.swift; sourceTree = "<group>"; };
		A1000004 /* ContentView.swift */ = {isa = PBXFileReference; lastKnownFileType = sourcecode.swift; path = ContentView.swift; sourceTree = "<group>"; };
		A1000006 /* Assets.xcassets */ = {isa = PBXFileReference; lastKnownFileType = folder.assetcatalog; path = Assets.xcassets; sourceTree = "<group>"; };
		A1000007 /* Info.plist */ = {isa = PBXFileReference; lastKnownFileType = text.plist.xml; path = Info.plist; sourceTree = "<group>"; };
		B1000002 /* UploadQueueItem.swift */ = {isa = PBXFileReference; lastKnownFileType = sourcecode.swift; path = UploadQueueItem.swift; sourceTree = "<group>"; };
		B1000004 /* HistoryEntry.swift */ = {isa = PBXFileReference; lastKnownFileType = sourcecode.swift; path = HistoryEntry.swift; sourceTree = "<group>"; };
		B1000006 /* ApplicationConfig.swift */ = {isa = PBXFileReference; lastKnownFileType = sourcecode.swift; path = ApplicationConfig.swift; sourceTree = "<group>"; };
		B1000008 /* UploadResultItem.swift */ = {isa = PBXFileReference; lastKnownFileType = sourcecode.swift; path = UploadResultItem.swift; sourceTree = "<group>"; };
		B10000A0 /* Paths.swift */ = {isa = PBXFileReference; lastKnownFileType = sourcecode.swift; path = Paths.swift; sourceTree = "<group>"; };
		B10000A2 /* SettingsRepository.swift */ = {isa = PBXFileReference; lastKnownFileType = sourcecode.swift; path = SettingsRepository.swift; sourceTree = "<group>"; };
		B10000A4 /* QueueRepository.swift */ = {isa = PBXFileReference; lastKnownFileType = sourcecode.swift; path = QueueRepository.swift; sourceTree = "<group>"; };
		B10000A6 /* HistoryRepository.swift */ = {isa = PBXFileReference; lastKnownFileType = sourcecode.swift; path = HistoryRepository.swift; sourceTree = "<group>"; };
		B10000A8 /* UploadOutcome.swift */ = {isa = PBXFileReference; lastKnownFileType = sourcecode.swift; path = UploadOutcome.swift; sourceTree = "<group>"; };
		B10000B0 /* CustomUploader.swift */ = {isa = PBXFileReference; lastKnownFileType = sourcecode.swift; path = CustomUploader.swift; sourceTree = "<group>"; };
		B10000B2 /* S3Uploader.swift */ = {isa = PBXFileReference; lastKnownFileType = sourcecode.swift; path = S3Uploader.swift; sourceTree = "<group>"; };
		B10000B4 /* UploadQueueWorker.swift */ = {isa = PBXFileReference; lastKnownFileType = sourcecode.swift; path = UploadQueueWorker.swift; sourceTree = "<group>"; };
		B10000B6 /* libsqlite3.tbd */ = {isa = PBXFileReference; lastKnownFileType = "sourcecode.text-based-dylib-definition"; name = libsqlite3.tbd; path = usr/lib/libsqlite3.tbd; sourceTree = SDKROOT; };
/* End PBXFileReference section */

/* Begin PBXFrameworksBuildPhase section */
		A0FFFFFC /* Frameworks */ = {
			isa = PBXFrameworksBuildPhase;
			buildActionMask = 2147483647;
			files = (
				B10000B5 /* libsqlite3.tbd in Frameworks */,
			);
			runOnlyForDeploymentPostprocessing = 0;
		};
/* End PBXFrameworksBuildPhase section */

/* Begin PBXGroup section */
		A0FFFFF6 = {
			isa = PBXGroup;
			children = (
				A0FFFFF7 /* XerahSMobile */,
				A0FFFFFE /* Products */,
			);
			sourceTree = "<group>";
		};
		A0FFFFF7 /* XerahSMobile */ = {
			isa = PBXGroup;
			children = (
				A1000002 /* XerahSMobileApp.swift */,
				A1000004 /* ContentView.swift */,
				B0FFFFF0 /* Core */,
				A1000006 /* Assets.xcassets */,
				A1000007 /* Info.plist */,
			);
			path = XerahSMobile;
			sourceTree = "<group>";
		};
		B0FFFFF0 /* Core */ = {
			isa = PBXGroup;
			children = (
				B0FFFFF1 /* Domain */,
				B0FFFFF2 /* Common */,
				B0FFFFF3 /* Data */,
			);
			path = Core;
			sourceTree = "<group>";
		};
		B0FFFFF1 /* Domain */ = {
			isa = PBXGroup;
			children = (
				B1000002 /* UploadQueueItem.swift */,
				B1000004 /* HistoryEntry.swift */,
				B1000006 /* ApplicationConfig.swift */,
				B1000008 /* UploadResultItem.swift */,
			);
			path = Domain;
			sourceTree = "<group>";
		};
		B0FFFFF2 /* Common */ = {
			isa = PBXGroup;
			children = (
				B10000A0 /* Paths.swift */,
			);
			path = Common;
			sourceTree = "<group>";
		};
		B0FFFFF3 /* Data */ = {
			isa = PBXGroup;
			children = (
				B10000A2 /* SettingsRepository.swift */,
				B10000A4 /* QueueRepository.swift */,
				B10000A6 /* HistoryRepository.swift */,
				B10000B4 /* UploadQueueWorker.swift */,
				B0FFFFF4 /* Upload */,
			);
			path = Data;
			sourceTree = "<group>";
		};
		B0FFFFF4 /* Upload */ = {
			isa = PBXGroup;
			children = (
				B10000A8 /* UploadOutcome.swift */,
				B10000B0 /* CustomUploader.swift */,
				B10000B2 /* S3Uploader.swift */,
			);
			path = Upload;
			sourceTree = "<group>";
		};
		A0FFFFFE /* Products */ = {
			isa = PBXGroup;
			children = (
				A1000000 /* XerahSMobile.app */,
			);
			name = Products;
			sourceTree = "<group>";
		};
/* End PBXGroup section */

/* Begin PBXNativeTarget section */
		A0FFFFFA /* XerahSMobile */ = {
			isa = PBXNativeTarget;
			buildConfigurationList = A1000010 /* Build configuration list for PBXNativeTarget "XerahSMobile" */;
			buildPhases = (
				A0FFFFF9 /* Sources */,
				A0FFFFFC /* Frameworks */,
				A0FFFFFD /* Resources */,
			);
			buildRules = (
			);
			dependencies = (
			);
			name = XerahSMobile;
			productName = XerahSMobile;
			productReference = A1000000 /* XerahSMobile.app */;
			productType = "com.apple.product-type.application";
		};
/* End PBXNativeTarget section */

/* Begin PBXProject section */
		A0FFFFF5 /* Project object */ = {
			isa = PBXProject;
			attributes = {
				BuildIndependentTargetsInParallel = 1;
				LastSwiftUpdateCheck = 1500;
				LastUpgradeCheck = 1500;
			};
			buildConfigurationList = A1000012 /* Build configuration list for PBXProject "XerahSMobile" */;
			compatibilityVersion = "Xcode 14.0";
			developmentRegion = en;
			hasScannedForEncodings = 0;
			knownRegions = (
				en,
				Base,
			);
			mainGroup = A0FFFFF6;
			productRefGroup = A0FFFFFE /* Products */;
			projectDirPath = "";
			projectRoot = "";
			targets = (
				A0FFFFFA /* XerahSMobile */,
			);
		};
/* End PBXProject section */

/* Begin PBXResourcesBuildPhase section */
		A0FFFFFD /* Resources */ = {
			isa = PBXResourcesBuildPhase;
			buildActionMask = 2147483647;
			files = (
				A1000005 /* Assets.xcassets in Resources */,
			);
			runOnlyForDeploymentPostprocessing = 0;
		};
/* End PBXResourcesBuildPhase section */

/* Begin PBXSourcesBuildPhase section */
		A0FFFFF9 /* Sources */ = {
			isa = PBXSourcesBuildPhase;
			buildActionMask = 2147483647;
			files = (
				A1000001 /* XerahSMobileApp.swift in Sources */,
				A1000003 /* ContentView.swift in Sources */,
				B1000001 /* UploadQueueItem.swift in Sources */,
				B1000003 /* HistoryEntry.swift in Sources */,
				B1000005 /* ApplicationConfig.swift in Sources */,
				B1000007 /* UploadResultItem.swift in Sources */,
				B1000009 /* Paths.swift in Sources */,
				B10000A1 /* SettingsRepository.swift in Sources */,
				B10000A3 /* QueueRepository.swift in Sources */,
				B10000A5 /* HistoryRepository.swift in Sources */,
				B10000A7 /* UploadOutcome.swift in Sources */,
				B10000A9 /* CustomUploader.swift in Sources */,
				B10000B1 /* S3Uploader.swift in Sources */,
				B10000B3 /* UploadQueueWorker.swift in Sources */,
			);
			runOnlyForDeploymentPostprocessing = 0;
		};
/* End PBXSourcesBuildPhase section */

/* Begin XCBuildConfiguration section */
		A1000008 /* Debug */ = {
			isa = XCBuildConfiguration;
			buildSettings = {
				ALWAYS_SEARCH_USER_PATHS = NO;
				ASSETCATALOG_COMPILER_GENERATE_SWIFT_ASSET_SYMBOL_EXTENSIONS = YES;
				CLANG_ANALYZER_NONNULL = YES;
				CLANG_ENABLE_MODULES = YES;
				CLANG_ENABLE_OBJC_ARC = YES;
				COPY_PHASE_STRIP = NO;
				DEBUG_INFORMATION_FORMAT = dwarf;
				ENABLE_STRICT_OBJC_MSGSEND = YES;
				ENABLE_TESTABILITY = YES;
				GCC_OPTIMIZATION_LEVEL = 0;
				GCC_PREPROCESSOR_DEFINITIONS = (
					"DEBUG=1",
					"$(inherited)",
				);
				IPHONEOS_DEPLOYMENT_TARGET = 17.0;
				MTL_ENABLE_DEBUG_INFO = INCLUDE_SOURCE;
				MTL_FAST_MATH = YES;
				ONLY_ACTIVE_ARCH = YES;
				SDKROOT = iphoneos;
				SWIFT_ACTIVE_COMPILATION_CONDITIONS = "DEBUG $(inherited)";
				SWIFT_OPTIMIZATION_LEVEL = "-Onone";
			};
			name = Debug;
		};
		A1000009 /* Release */ = {
			isa = XCBuildConfiguration;
			buildSettings = {
				ALWAYS_SEARCH_USER_PATHS = NO;
				ASSETCATALOG_COMPILER_GENERATE_SWIFT_ASSET_SYMBOL_EXTENSIONS = YES;
				CLANG_ANALYZER_NONNULL = YES;
				CLANG_ENABLE_MODULES = YES;
				CLANG_ENABLE_OBJC_ARC = YES;
				COPY_PHASE_STRIP = NO;
				DEBUG_INFORMATION_FORMAT = "dwarf-with-dsym";
				ENABLE_NS_ASSERTIONS = NO;
				ENABLE_STRICT_OBJC_MSGSEND = YES;
				GCC_OPTIMIZATION_LEVEL = s;
				IPHONEOS_DEPLOYMENT_TARGET = 17.0;
				MTL_ENABLE_DEBUG_INFO = NO;
				MTL_FAST_MATH = YES;
				SDKROOT = iphoneos;
				SWIFT_COMPILATION_MODE = wholemodule;
				VALIDATE_PRODUCT = YES;
			};
			name = Release;
		};
		A100000B /* Debug */ = {
			isa = XCBuildConfiguration;
			buildSettings = {
				ASSETCATALOG_COMPILER_APPICON_NAME = AppIcon;
				ASSETCATALOG_COMPILER_GLOBAL_ACCENT_COLOR_NAME = AccentColor;
				CODE_SIGN_STYLE = Automatic;
				CURRENT_PROJECT_VERSION = 1;
				DEVELOPMENT_TEAM = "";
				GENERATE_INFOPLIST_FILE = NO;
				INFOPLIST_FILE = XerahSMobile/Info.plist;
				INFOPLIST_KEY_UIApplicationSupportsIndirectInputEvents = YES;
				INFOPLIST_KEY_UILaunchScreen_Generation = YES;
				LD_RUNPATH_SEARCH_PATHS = (
					"$(inherited)",
					"@executable_path/Frameworks",
				);
				MARKETING_VERSION = 0.16.0;
				PRODUCT_BUNDLE_IDENTIFIER = com.getsharex.xerahs.mobile;
				PRODUCT_NAME = "$(TARGET_NAME)";
				SWIFT_EMIT_LOC_STRINGS = YES;
				SWIFT_VERSION = 5.0;
				TARGETED_DEVICE_FAMILY = "1,2";
			};
			name = Debug;
		};
		A100000C /* Release */ = {
			isa = XCBuildConfiguration;
			buildSettings = {
				ASSETCATALOG_COMPILER_APPICON_NAME = AppIcon;
				ASSETCATALOG_COMPILER_GLOBAL_ACCENT_COLOR_NAME = AccentColor;
				CODE_SIGN_STYLE = Automatic;
				CURRENT_PROJECT_VERSION = 1;
				DEVELOPMENT_TEAM = "";
				GENERATE_INFOPLIST_FILE = NO;
				INFOPLIST_FILE = XerahSMobile/Info.plist;
				INFOPLIST_KEY_UIApplicationSupportsIndirectInputEvents = YES;
				INFOPLIST_KEY_UILaunchScreen_Generation = YES;
				LD_RUNPATH_SEARCH_PATHS = (
					"$(inherited)",
					"@executable_path/Frameworks",
				);
				MARKETING_VERSION = 0.16.0;
				PRODUCT_BUNDLE_IDENTIFIER = com.getsharex.xerahs.mobile;
				PRODUCT_NAME = "$(TARGET_NAME)";
				SWIFT_EMIT_LOC_STRINGS = YES;
				SWIFT_VERSION = 5.0;
				TARGETED_DEVICE_FAMILY = "1,2";
			};
			name = Release;
		};
/* End XCBuildConfiguration section */

/* Begin XCConfigurationList section */
		A1000010 /* Build configuration list for PBXNativeTarget "XerahSMobile" */ = {
			isa = XCConfigurationList;
			buildConfigurations = (
				A100000B /* Debug */,
				A100000C /* Release */,
			);
			defaultConfigurationIsVisible = 0;
			defaultConfigurationName = Release;
		};
		A1000012 /* Build configuration list for PBXProject "XerahSMobile" */ = {
			isa = XCConfigurationList;
			buildConfigurations = (
				A1000008 /* Debug */,
				A1000009 /* Release */,
			);
			defaultConfigurationIsVisible = 0;
			defaultConfigurationName = Release;
		};
/* End XCConfigurationList section */
	};
	rootObject = A0FFFFF5 /* Project object */;
}
